PODS:
  - KPLiveDebugger (1.0.1):
    - SwiftyBeaver
  - SwiftyBeaver (1.7.0)

DEPENDENCIES:
  - KPLiveDebugger (from `../`)

SPEC REPOS:
  https://github.com/cocoapods/specs.git:
    - SwiftyBeaver

EXTERNAL SOURCES:
  KPLiveDebugger:
    :path: "../"

SPEC CHECKSUMS:
  KPLiveDebugger: e362a45bf89f97e51be89f391bdba2b99dce5f83
  SwiftyBeaver: 4cc0080d2e23f980652e28978db11a5c9da39165

PODFILE CHECKSUM: a8da49fb8af9b1c70a3b24a06fa30f81b9c848aa

COCOAPODS: 1.7.5
